<?xml version="1.0" encoding="utf-8"?>
<Project ToolsVersion="4.0" xmlns="http://schemas.microsoft.com/developer/msbuild/2003">
  <ItemGroup>
    <Filter Include="Source Files">
      <UniqueIdentifier>{4FC737F1-C7A5-4376-A066-2A32D752A2FF}</UniqueIdentifier>
      <Extensions>cpp;c;cc;cxx;c++;cppm;ixx;def;odl;idl;hpj;bat;asm;asmx</Extensions>
    </Filter>
    <Filter Include="Header Files">
      <UniqueIdentifier>{93995380-89BD-4b04-88EB-625FBE52EBFB}</UniqueIdentifier>
      <Extensions>h;hh;hpp;hxx;h++;hm;inl;inc;ipp;xsd</Extensions>
    </Filter>
    <Filter Include="Resource Files">
      <UniqueIdentifier>{67DA6AB6-F800-4c08-8B7A-83BB121AAD01}</UniqueIdentifier>
      <Extensions>rc;ico;cur;bmp;dlg;rc2;rct;bin;rgs;gif;jpg;jpeg;jpe;resx;tiff;tif;png;wav;mfcribbon-ms</Extensions>
    </Filter>
  </ItemGroup>
  <ItemGroup>
    <ClCompile Include="main.cpp">
      <Filter>Source Files</Filter>
    </ClCompile>
    <ClCompile Include="NoughtAndCrosses.cpp">
      <Filter>Source Files</Filter>
    </ClCompile>
    <ClCompile Include="HelloWorld.cpp">
      <Filter>Source Files</Filter>
    </ClCompile>
    <ClCompile Include="Rectangle.cpp">
      <Filter>Source Files</Filter>
    </ClCompile>
    <ClCompile Include="Book.cpp">
      <Filter>Source Files</Filter>
    </ClCompile>
    <ClCompile Include="BankAccount.cpp">
      <Filter>Source Files</Filter>
    </ClCompile>
    <ClCompile Include="Pizza.cpp">
      <Filter>Source Files</Filter>
    </ClCompile>
    <ClCompile Include="Circle.cpp">
      <Filter>Source Files</Filter>
    </ClCompile>
    <ClCompile Include="ExceptionClass.cpp">
      <Filter>Source Files</Filter>
    </ClCompile>
    <ClCompile Include="Person.cpp">
      <Filter>Source Files</Filter>
    </ClCompile>
    <ClCompile Include="Dog.cpp">
      <Filter>Source Files</Filter>
    </ClCompile>
    <ClCompile Include="RethrowException1.cpp">
      <Filter>Source Files</Filter>
    </ClCompile>
    <ClCompile Include="Grading.cpp">
      <Filter>Source Files</Filter>
    </ClCompile>
    <ClCompile Include="WarpDrive.cpp">
      <Filter>Source Files</Filter>
    </ClCompile>
    <ClCompile Include="DoublePointer.cpp">
      <Filter>Source Files</Filter>
    </ClCompile>
    <ClCompile Include="DynamicallyAllocatedDogs.cpp">
      <Filter>Source Files</Filter>
    </ClCompile>
    <ClCompile Include="DynamicallyAllocatedArrays.cpp">
      <Filter>Source Files</Filter>
    </ClCompile>
    <ClCompile Include="ConstCorrectness.cpp">
      <Filter>Source Files</Filter>
    </ClCompile>
    <ClCompile Include="DynamicRectangles.cpp">
      <Filter>Source Files</Filter>
    </ClCompile>
    <ClCompile Include="DynamicArraysAndDynamicCircles.cpp">
      <Filter>Source Files</Filter>
    </ClCompile>
    <ClCompile Include="FileOutput.cpp">
      <Filter>Source Files</Filter>
    </ClCompile>
    <ClCompile Include="FileInput.cpp">
      <Filter>Source Files</Filter>
    </ClCompile>
    <ClCompile Include="FileInputAndOutput.cpp">
      <Filter>Source Files</Filter>
    </ClCompile>
    <ClCompile Include="FileDoubling.cpp">
      <Filter>Source Files</Filter>
    </ClCompile>
    <ClCompile Include="FileStats.cpp">
      <Filter>Source Files</Filter>
    </ClCompile>
    <ClCompile Include="DynamicFileRectangle.cpp">
      <Filter>Source Files</Filter>
    </ClCompile>
    <ClCompile Include="ShoppingList.cpp">
      <Filter>Source Files</Filter>
    </ClCompile>
    <ClCompile Include="Animal.cpp">
      <Filter>Source Files</Filter>
    </ClCompile>
    <ClCompile Include="Cat.cpp">
      <Filter>Source Files</Filter>
    </ClCompile>
    <ClCompile Include="Player.cpp">
      <Filter>Source Files</Filter>
    </ClCompile>
    <ClCompile Include="Warrior.cpp">
      <Filter>Source Files</Filter>
    </ClCompile>
    <ClCompile Include="Priest.cpp">
      <Filter>Source Files</Filter>
    </ClCompile>
    <ClCompile Include="Mage.cpp">
      <Filter>Source Files</Filter>
    </ClCompile>
    <ClCompile Include="TheShittyRPG.cpp">
      <Filter>Source Files</Filter>
    </ClCompile>
    <ClCompile Include="STLDequeExample1.cpp">
      <Filter>Source Files</Filter>
    </ClCompile>
    <ClCompile Include="StackExample.cpp">
      <Filter>Source Files</Filter>
    </ClCompile>
    <ClCompile Include="QueueDemo.cpp">
      <Filter>Source Files</Filter>
    </ClCompile>
    <ClCompile Include="MapDemo.cpp">
      <Filter>Source Files</Filter>
    </ClCompile>
    <ClCompile Include="AlgorithmDemo.cpp">
      <Filter>Source Files</Filter>
    </ClCompile>
    <ClCompile Include="SmartPointersDemo.cpp">
      <Filter>Source Files</Filter>
    </ClCompile>
    <ClCompile Include="Car.cpp">
      <Filter>Source Files</Filter>
    </ClCompile>
    <ClCompile Include="Dictionary.cpp">
      <Filter>Source Files</Filter>
    </ClCompile>
    <ClCompile Include="Alien.cpp">
      <Filter>Source Files</Filter>
    </ClCompile>
  </ItemGroup>
  <ItemGroup>
    <ClInclude Include="NoughtAndCrosses.h">
      <Filter>Header Files</Filter>
    </ClInclude>
    <ClInclude Include="HelloWorld.h">
      <Filter>Header Files</Filter>
    </ClInclude>
    <ClInclude Include="Rectangle.h">
      <Filter>Header Files</Filter>
    </ClInclude>
    <ClInclude Include="Book.h">
      <Filter>Header Files</Filter>
    </ClInclude>
    <ClInclude Include="BankAccount.h">
      <Filter>Header Files</Filter>
    </ClInclude>
    <ClInclude Include="Pizza.h">
      <Filter>Header Files</Filter>
    </ClInclude>
    <ClInclude Include="Circle.h">
      <Filter>Header Files</Filter>
    </ClInclude>
    <ClInclude Include="ExceptionClass.h">
      <Filter>Header Files</Filter>
    </ClInclude>
    <ClInclude Include="Person.h">
      <Filter>Header Files</Filter>
    </ClInclude>
    <ClInclude Include="Dog.h">
      <Filter>Header Files</Filter>
    </ClInclude>
    <ClInclude Include="RethrowException1.h">
      <Filter>Header Files</Filter>
    </ClInclude>
    <ClInclude Include="Grading.h">
      <Filter>Header Files</Filter>
    </ClInclude>
    <ClInclude Include="WarpDriveOverheating.h">
      <Filter>Header Files</Filter>
    </ClInclude>
    <ClInclude Include="WarpDrive.h">
      <Filter>Header Files</Filter>
    </ClInclude>
    <ClInclude Include="DoublePointer.h">
      <Filter>Header Files</Filter>
    </ClInclude>
    <ClInclude Include="DynamicallyAllocatedDogs.h">
      <Filter>Header Files</Filter>
    </ClInclude>
    <ClInclude Include="DynamicallyAllocatedArrays.h">
      <Filter>Header Files</Filter>
    </ClInclude>
    <ClInclude Include="ConstCorrectness.h">
      <Filter>Header Files</Filter>
    </ClInclude>
    <ClInclude Include="DynamicRectangles.h">
      <Filter>Header Files</Filter>
    </ClInclude>
    <ClInclude Include="DynamicArraysAndDynamicCircles.h">
      <Filter>Header Files</Filter>
    </ClInclude>
    <ClInclude Include="FileOutput.h">
      <Filter>Header Files</Filter>
    </ClInclude>
    <ClInclude Include="FileInput.h">
      <Filter>Header Files</Filter>
    </ClInclude>
    <ClInclude Include="FileInputAndOutput.h">
      <Filter>Header Files</Filter>
    </ClInclude>
    <ClInclude Include="FileDoubling.h">
      <Filter>Header Files</Filter>
    </ClInclude>
    <ClInclude Include="FileStats.h">
      <Filter>Header Files</Filter>
    </ClInclude>
    <ClInclude Include="DynamicFileRectangle.h">
      <Filter>Header Files</Filter>
    </ClInclude>
    <ClInclude Include="ShoppingList.h">
      <Filter>Header Files</Filter>
    </ClInclude>
    <ClInclude Include="Animal.h">
      <Filter>Header Files</Filter>
    </ClInclude>
    <ClInclude Include="Cat.h">
      <Filter>Header Files</Filter>
    </ClInclude>
    <ClInclude Include="Player.h">
      <Filter>Header Files</Filter>
    </ClInclude>
    <ClInclude Include="Warrior.h">
      <Filter>Header Files</Filter>
    </ClInclude>
    <ClInclude Include="Priest.h">
      <Filter>Header Files</Filter>
    </ClInclude>
    <ClInclude Include="Mage.h">
      <Filter>Header Files</Filter>
    </ClInclude>
    <ClInclude Include="TheShittyRPG.h">
      <Filter>Header Files</Filter>
    </ClInclude>
    <ClInclude Include="Swapper.h">
      <Filter>Header Files</Filter>
    </ClInclude>
    <ClInclude Include="GetSizes.h">
      <Filter>Header Files</Filter>
    </ClInclude>
    <ClInclude Include="STLDequeExample1.h">
      <Filter>Header Files</Filter>
    </ClInclude>
    <ClInclude Include="StackExample.h">
      <Filter>Header Files</Filter>
    </ClInclude>
    <ClInclude Include="QueueDemo.h">
      <Filter>Header Files</Filter>
    </ClInclude>
    <ClInclude Include="MapDemo.h">
      <Filter>Header Files</Filter>
    </ClInclude>
    <ClInclude Include="AlgorithmDemo.h">
      <Filter>Header Files</Filter>
    </ClInclude>
    <ClInclude Include="SmartPointersDemo.h">
      <Filter>Header Files</Filter>
    </ClInclude>
    <ClInclude Include="Car.h">
      <Filter>Header Files</Filter>
    </ClInclude>
    <ClInclude Include="RectangleHelper.h">
      <Filter>Header Files</Filter>
    </ClInclude>
    <ClInclude Include="Dictionary.h">
      <Filter>Header Files</Filter>
    </ClInclude>
    <ClInclude Include="Alien.h">
      <Filter>Header Files</Filter>
    </ClInclude>
  </ItemGroup>
</Project>